
Microsoft Visual Studio Solution File, Format Version 12.00
# Visual Studio Version 17
VisualStudioVersion = 17.2.32505.173
MinimumVisualStudioVersion = 10.0.40219.1
Project("{FAE04EC0-301F-11D3-BF4B-00C04F79EFBC}") = "AssignmentPartBDatabaseFirst", "AssignmentPartBDatabaseFirst\AssignmentPartBDatabaseFirst.csproj", "{35008C9B-5C73-4FD7-A442-FF6271BAF704}"
EndProject
Global
	GlobalSection(SolutionConfigurationPlatforms) = preSolution
		Debug|Any CPU = Debug|Any CPU
		Release|Any CPU = Release|Any CPU
	EndGlobalSection
	GlobalSection(ProjectConfigurationPlatforms) = postSolution
		{35008C9B-5C73-4FD7-A442-FF6271BAF704}.Debug|Any CPU.ActiveCfg = Debug|Any CPU
		{35008C9B-5C73-4FD7-A442-FF6271BAF704}.Debug|Any CPU.Build.0 = Debug|Any CPU
		{35008C9B-5C73-4FD7-A442-FF6271BAF704}.Release|Any CPU.ActiveCfg = Release|Any CPU
		{35008C9B-5C73-4FD7-A442-FF6271BAF704}.Release|Any CPU.Build.0 = Release|Any CPU
	EndGlobalSection
	GlobalSection(SolutionProperties) = preSolution
		HideSolutionNode = FALSE
	EndGlobalSection
	GlobalSection(ExtensibilityGlobals) = postSolution
		SolutionGuid = {18B49CF5-F226-4339-B58B-0FF33C34C8DB}
	EndGlobalSection
EndGlobal
